
Microsoft Visual Studio Solution File, Format Version 12.00
# Visual Studio Version 17
VisualStudioVersion = 17.11.35208.52
MinimumVisualStudioVersion = 10.0.40219.1
Project("{FAE04EC0-301F-11D3-BF4B-00C04F79EFBC}") = "ConsoleApp1", "ConsoleApp1\ConsoleApp1.csproj", "{298A52ED-6C52-4B4E-BFE6-50FBE4B75FFB}"
EndProject
Global
	GlobalSection(SolutionConfigurationPlatforms) = preSolution
		Debug|Any CPU = Debug|Any CPU
		Release|Any CPU = Release|Any CPU
	EndGlobalSection
	GlobalSection(ProjectConfigurationPlatforms) = postSolution
		{298A52ED-6C52-4B4E-BFE6-50FBE4B75FFB}.Debug|Any CPU.ActiveCfg = Debug|Any CPU
		{298A52ED-6C52-4B4E-BFE6-50FBE4B75FFB}.Debug|Any CPU.Build.0 = Debug|Any CPU
		{298A52ED-6C52-4B4E-BFE6-50FBE4B75FFB}.Release|Any CPU.ActiveCfg = Release|Any CPU
		{298A52ED-6C52-4B4E-BFE6-50FBE4B75FFB}.Release|Any CPU.Build.0 = Release|Any CPU
	EndGlobalSection
	GlobalSection(SolutionProperties) = preSolution
		HideSolutionNode = FALSE
	EndGlobalSection
	GlobalSection(ExtensibilityGlobals) = postSolution
		SolutionGuid = {2AD67B00-8A40-4803-A998-DF9E2AE45A46}
	EndGlobalSection
EndGlobal
